
Microsoft Visual Studio Solution File, Format Version 12.00
# Visual Studio Version 16
VisualStudioVersion = 16.0.30503.244
MinimumVisualStudioVersion = 10.0.40219.1
Project("{FAE04EC0-301F-11D3-BF4B-00C04F79EFBC}") = "ASPNETCOREMVC", "ASPNETCOREMVC.csproj", "{4AF160F3-5068-46A3-AA28-9AF228320DC2}"
EndProject
Global
	GlobalSection(SolutionConfigurationPlatforms) = preSolution
		Debug|Any CPU = Debug|Any CPU
		Release|Any CPU = Release|Any CPU
	EndGlobalSection
	GlobalSection(ProjectConfigurationPlatforms) = postSolution
		{4AF160F3-5068-46A3-AA28-9AF228320DC2}.Debug|Any CPU.ActiveCfg = Debug|Any CPU
		{4AF160F3-5068-46A3-AA28-9AF228320DC2}.Debug|Any CPU.Build.0 = Debug|Any CPU
		{4AF160F3-5068-46A3-AA28-9AF228320DC2}.Release|Any CPU.ActiveCfg = Release|Any CPU
		{4AF160F3-5068-46A3-AA28-9AF228320DC2}.Release|Any CPU.Build.0 = Release|Any CPU
	EndGlobalSection
	GlobalSection(SolutionProperties) = preSolution
		HideSolutionNode = FALSE
	EndGlobalSection
	GlobalSection(ExtensibilityGlobals) = postSolution
		SolutionGuid = {90116810-D6A6-45BD-B40D-BB2928B3BEC0}
	EndGlobalSection
EndGlobal
